
Microsoft Visual Studio Solution File, Format Version 12.00
# Visual Studio 15
VisualStudioVersion = 15.0.26730.16
MinimumVisualStudioVersion = 10.0.40219.1
Project("{FAE04EC0-301F-11D3-BF4B-00C04F79EFBC}") = "AethiaUtilities", "AethiaUtilities\AethiaUtilities.csproj", "{4C317246-9491-40DC-88A1-3C40979F5CAE}"
EndProject
Global
	GlobalSection(SolutionConfigurationPlatforms) = preSolution
		Debug|Any CPU = Debug|Any CPU
		Release|Any CPU = Release|Any CPU
	EndGlobalSection
	GlobalSection(ProjectConfigurationPlatforms) = postSolution
		{4C317246-9491-40DC-88A1-3C40979F5CAE}.Debug|Any CPU.ActiveCfg = Debug|Any CPU
		{4C317246-9491-40DC-88A1-3C40979F5CAE}.Debug|Any CPU.Build.0 = Debug|Any CPU
		{4C317246-9491-40DC-88A1-3C40979F5CAE}.Release|Any CPU.ActiveCfg = Release|Any CPU
		{4C317246-9491-40DC-88A1-3C40979F5CAE}.Release|Any CPU.Build.0 = Release|Any CPU
	EndGlobalSection
	GlobalSection(SolutionProperties) = preSolution
		HideSolutionNode = FALSE
	EndGlobalSection
	GlobalSection(ExtensibilityGlobals) = postSolution
		SolutionGuid = {171E286E-3239-43C6-A217-D46CDAD671D3}
	EndGlobalSection
EndGlobal
